// !$*UTF8*$!
{
	archiveVersion = 1;
	classes = {
	};
	objectVersion = 46;
	objects = {

/* Begin PBXBuildFile section */
		106FE9F21EE14F340061918B /* main.swift in Sources */ = {isa = PBXBuildFile; fileRef = 106FE9F11EE14F340061918B /* main.swift */; };
		106FEA121EE14F900061918B /* CSVParserTest.swift in Sources */ = {isa = PBXBuildFile; fileRef = 106FEA101EE14F900061918B /* CSVParserTest.swift */; };
		106FEA131EE14F900061918B /* CSVWriterTest.swift in Sources */ = {isa = PBXBuildFile; fileRef = 106FEA111EE14F900061918B /* CSVWriterTest.swift */; };
		106FEA151EE14F970061918B /* CSV.swift in Sources */ = {isa = PBXBuildFile; fileRef = 106FEA141EE14F970061918B /* CSV.swift */; };
		106FEA161EE14F9B0061918B /* CSV.swift in Sources */ = {isa = PBXBuildFile; fileRef = 106FEA141EE14F970061918B /* CSV.swift */; };
/* End PBXBuildFile section */

/* Begin PBXCopyFilesBuildPhase section */
		106FE9EC1EE14F340061918B /* CopyFiles */ = {
			isa = PBXCopyFilesBuildPhase;
			buildActionMask = 2147483647;
			dstPath = /usr/share/man/man1/;
			dstSubfolderSpec = 0;
			files = (
			);
			runOnlyForDeploymentPostprocessing = 1;
		};
/* End PBXCopyFilesBuildPhase section */

/* Begin PBXFileReference section */
		106FE9EE1EE14F340061918B /* swift-csv */ = {isa = PBXFileReference; explicitFileType = "compiled.mach-o.executable"; includeInIndex = 0; path = "swift-csv"; sourceTree = BUILT_PRODUCTS_DIR; };
		106FE9F11EE14F340061918B /* main.swift */ = {isa = PBXFileReference; lastKnownFileType = sourcecode.swift; path = main.swift; sourceTree = "<group>"; };
		106FEA081EE14F630061918B /* Tests.xctest */ = {isa = PBXFileReference; explicitFileType = wrapper.cfbundle; includeInIndex = 0; path = Tests.xctest; sourceTree = BUILT_PRODUCTS_DIR; };
		106FEA0C1EE14F630061918B /* Info.plist */ = {isa = PBXFileReference; lastKnownFileType = text.plist.xml; path = Info.plist; sourceTree = "<group>"; };
		106FEA101EE14F900061918B /* CSVParserTest.swift */ = {isa = PBXFileReference; fileEncoding = 4; lastKnownFileType = sourcecode.swift; path = CSVParserTest.swift; sourceTree = "<group>"; };
		106FEA111EE14F900061918B /* CSVWriterTest.swift */ = {isa = PBXFileReference; fileEncoding = 4; lastKnownFileType = sourcecode.swift; path = CSVWriterTest.swift; sourceTree = "<group>"; };
		106FEA141EE14F970061918B /* CSV.swift */ = {isa = PBXFileReference; fileEncoding = 4; lastKnownFileType = sourcecode.swift; path = CSV.swift; sourceTree = "<group>"; };
/* End PBXFileReference section */

/* Begin PBXFrameworksBuildPhase section */
		106FE9EB1EE14F340061918B /* Frameworks */ = {
			isa = PBXFrameworksBuildPhase;
			buildActionMask = 2147483647;
			files = (
			);
			runOnlyForDeploymentPostprocessing = 0;
		};
		106FEA051EE14F630061918B /* Frameworks */ = {
			isa = PBXFrameworksBuildPhase;
			buildActionMask = 2147483647;
			files = (
			);
			runOnlyForDeploymentPostprocessing = 0;
		};
/* End PBXFrameworksBuildPhase section */

/* Begin PBXGroup section */
		106FE9E51EE14F340061918B = {
			isa = PBXGroup;
			children = (
				106FE9F01EE14F340061918B /* swift-csv */,
				106FEA091EE14F630061918B /* Tests */,
				106FE9EF1EE14F340061918B /* Products */,
			);
			sourceTree = "<group>";
		};
		106FE9EF1EE14F340061918B /* Products */ = {
			isa = PBXGroup;
			children = (
				106FE9EE1EE14F340061918B /* swift-csv */,
				106FEA081EE14F630061918B /* Tests.xctest */,
			);
			name = Products;
			sourceTree = "<group>";
		};
		106FE9F01EE14F340061918B /* swift-csv */ = {
			isa = PBXGroup;
			children = (
				106FEA141EE14F970061918B /* CSV.swift */,
				106FE9F11EE14F340061918B /* main.swift */,
			);
			path = "swift-csv";
			sourceTree = "<group>";
		};
		106FEA091EE14F630061918B /* Tests */ = {
			isa = PBXGroup;
			children = (
				106FEA101EE14F900061918B /* CSVParserTest.swift */,
				106FEA111EE14F900061918B /* CSVWriterTest.swift */,
				106FEA0C1EE14F630061918B /* Info.plist */,
			);
			path = Tests;
			sourceTree = "<group>";
		};
/* End PBXGroup section */

/* Begin PBXNativeTarget section */
		106FE9ED1EE14F340061918B /* swift-csv */ = {
			isa = PBXNativeTarget;
			buildConfigurationList = 106FE9F51EE14F340061918B /* Build configuration list for PBXNativeTarget "swift-csv" */;
			buildPhases = (
				106FE9EA1EE14F340061918B /* Sources */,
				106FE9EB1EE14F340061918B /* Frameworks */,
				106FE9EC1EE14F340061918B /* CopyFiles */,
			);
			buildRules = (
			);
			dependencies = (
			);
			name = "swift-csv";
			productName = "swift-csv";
			productReference = 106FE9EE1EE14F340061918B /* swift-csv */;
			productType = "com.apple.product-type.tool";
		};
		106FEA071EE14F630061918B /* Tests */ = {
			isa = PBXNativeTarget;
			buildConfigurationList = 106FEA0D1EE14F630061918B /* Build configuration list for PBXNativeTarget "Tests" */;
			buildPhases = (
				106FEA041EE14F630061918B /* Sources */,
				106FEA051EE14F630061918B /* Frameworks */,
				106FEA061EE14F630061918B /* Resources */,
			);
			buildRules = (
			);
			dependencies = (
			);
			name = Tests;
			productName = Tests;
			productReference = 106FEA081EE14F630061918B /* Tests.xctest */;
			productType = "com.apple.product-type.bundle.unit-test";
		};
/* End PBXNativeTarget section */

/* Begin PBXProject section */
		106FE9E61EE14F340061918B /* Project object */ = {
			isa = PBXProject;
			attributes = {
				LastSwiftUpdateCheck = 0830;
				LastUpgradeCheck = 0830;
				ORGANIZATIONNAME = "Matthias Hochgatterer";
				TargetAttributes = {
					106FE9ED1EE14F340061918B = {
						CreatedOnToolsVersion = 8.3.2;
						DevelopmentTeam = 3UMKW67674;
						ProvisioningStyle = Automatic;
					};
					106FEA071EE14F630061918B = {
						CreatedOnToolsVersion = 8.3.2;
						DevelopmentTeam = 3UMKW67674;
						ProvisioningStyle = Automatic;
					};
				};
			};
			buildConfigurationList = 106FE9E91EE14F340061918B /* Build configuration list for PBXProject "swift-csv" */;
			compatibilityVersion = "Xcode 3.2";
			developmentRegion = English;
			hasScannedForEncodings = 0;
			knownRegions = (
				en,
			);
			mainGroup = 106FE9E51EE14F340061918B;
			productRefGroup = 106FE9EF1EE14F340061918B /* Products */;
			projectDirPath = "";
			projectRoot = "";
			targets = (
				106FE9ED1EE14F340061918B /* swift-csv */,
				106FEA071EE14F630061918B /* Tests */,
			);
		};
/* End PBXProject section */

/* Begin PBXResourcesBuildPhase section */
		106FEA061EE14F630061918B /* Resources */ = {
			isa = PBXResourcesBuildPhase;
			buildActionMask = 2147483647;
			files = (
			);
			runOnlyForDeploymentPostprocessing = 0;
		};
/* End PBXResourcesBuildPhase section */

/* Begin PBXSourcesBuildPhase section */
		106FE9EA1EE14F340061918B /* Sources */ = {
			isa = PBXSourcesBuildPhase;
			buildActionMask = 2147483647;
			files = (
				106FEA151EE14F970061918B /* CSV.swift in Sources */,
				106FE9F21EE14F340061918B /* main.swift in Sources */,
			);
			runOnlyForDeploymentPostprocessing = 0;
		};
		106FEA041EE14F630061918B /* Sources */ = {
			isa = PBXSourcesBuildPhase;
			buildActionMask = 2147483647;
			files = (
				106FEA161EE14F9B0061918B /* CSV.swift in Sources */,
				106FEA131EE14F900061918B /* CSVWriterTest.swift in Sources */,
				106FEA121EE14F900061918B /* CSVParserTest.swift in Sources */,
			);
			runOnlyForDeploymentPostprocessing = 0;
		};
/* End PBXSourcesBuildPhase section */

/* Begin XCBuildConfiguration section */
		106FE9F31EE14F340061918B /* Debug */ = {
			isa = XCBuildConfiguration;
			buildSettings = {
				ALWAYS_SEARCH_USER_PATHS = NO;
				CLANG_ANALYZER_NONNULL = YES;
				CLANG_ANALYZER_NUMBER_OBJECT_CONVERSION = YES_AGGRESSIVE;
				CLANG_CXX_LANGUAGE_STANDARD = "gnu++0x";
				CLANG_CXX_LIBRARY = "libc++";
				CLANG_ENABLE_MODULES = YES;
				CLANG_ENABLE_OBJC_ARC = YES;
				CLANG_WARN_BOOL_CONVERSION = YES;
				CLANG_WARN_CONSTANT_CONVERSION = YES;
				CLANG_WARN_DIRECT_OBJC_ISA_USAGE = YES_ERROR;
				CLANG_WARN_DOCUMENTATION_COMMENTS = YES;
				CLANG_WARN_EMPTY_BODY = YES;
				CLANG_WARN_ENUM_CONVERSION = YES;
				CLANG_WARN_INFINITE_RECURSION = YES;
				CLANG_WARN_INT_CONVERSION = YES;
				CLANG_WARN_OBJC_ROOT_CLASS = YES_ERROR;
				CLANG_WARN_SUSPICIOUS_MOVE = YES;
				CLANG_WARN_UNREACHABLE_CODE = YES;
				CLANG_WARN__DUPLICATE_METHOD_MATCH = YES;
				CODE_SIGN_IDENTITY = "-";
				COPY_PHASE_STRIP = NO;
				DEBUG_INFORMATION_FORMAT = dwarf;
				ENABLE_STRICT_OBJC_MSGSEND = YES;
				ENABLE_TESTABILITY = YES;
				GCC_C_LANGUAGE_STANDARD = gnu99;
				GCC_DYNAMIC_NO_PIC = NO;
				GCC_NO_COMMON_BLOCKS = YES;
				GCC_OPTIMIZATION_LEVEL = 0;
				GCC_PREPROCESSOR_DEFINITIONS = (
					"DEBUG=1",
					"$(inherited)",
				);
				GCC_WARN_64_TO_32_BIT_CONVERSION = YES;
				GCC_WARN_ABOUT_RETURN_TYPE = YES_ERROR;
				GCC_WARN_UNDECLARED_SELECTOR = YES;
				GCC_WARN_UNINITIALIZED_AUTOS = YES_AGGRESSIVE;
				GCC_WARN_UNUSED_FUNCTION = YES;
				GCC_WARN_UNUSED_VARIABLE = YES;
				MACOSX_DEPLOYMENT_TARGET = 10.12;
				MTL_ENABLE_DEBUG_INFO = YES;
				ONLY_ACTIVE_ARCH = YES;
				SDKROOT = macosx;
				SWIFT_OPTIMIZATION_LEVEL = "-Onone";
			};
			name = Debug;
		};
		106FE9F41EE14F340061918B /* Release */ = {
			isa = XCBuildConfiguration;
			buildSettings = {
				ALWAYS_SEARCH_USER_PATHS = NO;
				CLANG_ANALYZER_NONNULL = YES;
				CLANG_ANALYZER_NUMBER_OBJECT_CONVERSION = YES_AGGRESSIVE;
				CLANG_CXX_LANGUAGE_STANDARD = "gnu++0x";
				CLANG_CXX_LIBRARY = "libc++";
				CLANG_ENABLE_MODULES = YES;
				CLANG_ENABLE_OBJC_ARC = YES;
				CLANG_WARN_BOOL_CONVERSION = YES;
				CLANG_WARN_CONSTANT_CONVERSION = YES;
				CLANG_WARN_DIRECT_OBJC_ISA_USAGE = YES_ERROR;
				CLANG_WARN_DOCUMENTATION_COMMENTS = YES;
				CLANG_WARN_EMPTY_BODY = YES;
				CLANG_WARN_ENUM_CONVERSION = YES;
				CLANG_WARN_INFINITE_RECURSION = YES;
				CLANG_WARN_INT_CONVERSION = YES;
				CLANG_WARN_OBJC_ROOT_CLASS = YES_ERROR;
				CLANG_WARN_SUSPICIOUS_MOVE = YES;
				CLANG_WARN_UNREACHABLE_CODE = YES;
				CLANG_WARN__DUPLICATE_METHOD_MATCH = YES;
				CODE_SIGN_IDENTITY = "-";
				COPY_PHASE_STRIP = NO;
				DEBUG_INFORMATION_FORMAT = "dwarf-with-dsym";
				ENABLE_NS_ASSERTIONS = NO;
				ENABLE_STRICT_OBJC_MSGSEND = YES;
				GCC_C_LANGUAGE_STANDARD = gnu99;
				GCC_NO_COMMON_BLOCKS = YES;
				GCC_WARN_64_TO_32_BIT_CONVERSION = YES;
				GCC_WARN_ABOUT_RETURN_TYPE = YES_ERROR;
				GCC_WARN_UNDECLARED_SELECTOR = YES;
				GCC_WARN_UNINITIALIZED_AUTOS = YES_AGGRESSIVE;
				GCC_WARN_UNUSED_FUNCTION = YES;
				GCC_WARN_UNUSED_VARIABLE = YES;
				MACOSX_DEPLOYMENT_TARGET = 10.12;
				MTL_ENABLE_DEBUG_INFO = NO;
				SDKROOT = macosx;
			};
			name = Release;
		};
		106FE9F61EE14F340061918B /* Debug */ = {
			isa = XCBuildConfiguration;
			buildSettings = {
				DEVELOPMENT_TEAM = 3UMKW67674;
				PRODUCT_NAME = "$(TARGET_NAME)";
				SWIFT_VERSION = 3.0;
			};
			name = Debug;
		};
		106FE9F71EE14F340061918B /* Release */ = {
			isa = XCBuildConfiguration;
			buildSettings = {
				DEVELOPMENT_TEAM = 3UMKW67674;
				PRODUCT_NAME = "$(TARGET_NAME)";
				SWIFT_VERSION = 3.0;
			};
			name = Release;
		};
		106FEA0E1EE14F630061918B /* Debug */ = {
			isa = XCBuildConfiguration;
			buildSettings = {
				COMBINE_HIDPI_IMAGES = YES;
				DEVELOPMENT_TEAM = 3UMKW67674;
				INFOPLIST_FILE = Tests/Info.plist;
				LD_RUNPATH_SEARCH_PATHS = "$(inherited) @executable_path/../Frameworks @loader_path/../Frameworks";
				PRODUCT_BUNDLE_IDENTIFIER = at.mah.Tests;
				PRODUCT_NAME = "$(TARGET_NAME)";
				SWIFT_ACTIVE_COMPILATION_CONDITIONS = DEBUG;
				SWIFT_VERSION = 3.0;
			};
			name = Debug;
		};
		106FEA0F1EE14F630061918B /* Release */ = {
			isa = XCBuildConfiguration;
			buildSettings = {
				COMBINE_HIDPI_IMAGES = YES;
				DEVELOPMENT_TEAM = 3UMKW67674;
				INFOPLIST_FILE = Tests/Info.plist;
				LD_RUNPATH_SEARCH_PATHS = "$(inherited) @executable_path/../Frameworks @loader_path/../Frameworks";
				PRODUCT_BUNDLE_IDENTIFIER = at.mah.Tests;
				PRODUCT_NAME = "$(TARGET_NAME)";
				SWIFT_OPTIMIZATION_LEVEL = "-Owholemodule";
				SWIFT_VERSION = 3.0;
			};
			name = Release;
		};
/* End XCBuildConfiguration section */

/* Begin XCConfigurationList section */
		106FE9E91EE14F340061918B /* Build configuration list for PBXProject "swift-csv" */ = {
			isa = XCConfigurationList;
			buildConfigurations = (
				106FE9F31EE14F340061918B /* Debug */,
				106FE9F41EE14F340061918B /* Release */,
			);
			defaultConfigurationIsVisible = 0;
			defaultConfigurationName = Release;
		};
		106FE9F51EE14F340061918B /* Build configuration list for PBXNativeTarget "swift-csv" */ = {
			isa = XCConfigurationList;
			buildConfigurations = (
				106FE9F61EE14F340061918B /* Debug */,
				106FE9F71EE14F340061918B /* Release */,
			);
			defaultConfigurationIsVisible = 0;
		};
		106FEA0D1EE14F630061918B /* Build configuration list for PBXNativeTarget "Tests" */ = {
			isa = XCConfigurationList;
			buildConfigurations = (
				106FEA0E1EE14F630061918B /* Debug */,
				106FEA0F1EE14F630061918B /* Release */,
			);
			defaultConfigurationIsVisible = 0;
		};
/* End XCConfigurationList section */
	};
	rootObject = 106FE9E61EE14F340061918B /* Project object */;
}
